
Microsoft Visual Studio Solution File, Format Version 12.00
# Visual Studio Version 17
VisualStudioVersion = 17.3.32804.467
MinimumVisualStudioVersion = 10.0.40219.1
Project("{FAE04EC0-301F-11D3-BF4B-00C04F79EFBC}") = "Database Comp. Tester", "Database Comp. Tester\Database Comp. Tester.csproj", "{D59BFB0F-517A-4F1B-AE6B-179D6BB074FC}"
EndProject
Global
	GlobalSection(SolutionConfigurationPlatforms) = preSolution
		Debug|Any CPU = Debug|Any CPU
		Release|Any CPU = Release|Any CPU
	EndGlobalSection
	GlobalSection(ProjectConfigurationPlatforms) = postSolution
		{D59BFB0F-517A-4F1B-AE6B-179D6BB074FC}.Debug|Any CPU.ActiveCfg = Debug|Any CPU
		{D59BFB0F-517A-4F1B-AE6B-179D6BB074FC}.Debug|Any CPU.Build.0 = Debug|Any CPU
		{D59BFB0F-517A-4F1B-AE6B-179D6BB074FC}.Release|Any CPU.ActiveCfg = Release|Any CPU
		{D59BFB0F-517A-4F1B-AE6B-179D6BB074FC}.Release|Any CPU.Build.0 = Release|Any CPU
	EndGlobalSection
	GlobalSection(SolutionProperties) = preSolution
		HideSolutionNode = FALSE
	EndGlobalSection
	GlobalSection(ExtensibilityGlobals) = postSolution
		SolutionGuid = {22675626-F298-4F59-9A98-CB089BA6E9EA}
	EndGlobalSection
EndGlobal
